
Microsoft Visual Studio Solution File, Format Version 12.00
# Visual Studio Version 17
VisualStudioVersion = 17.1.32421.90
MinimumVisualStudioVersion = 10.0.40219.1
Project("{FAE04EC0-301F-11D3-BF4B-00C04F79EFBC}") = "FileCloaker", "FileCloaker\FileCloaker.csproj", "{4B55BA7D-EA14-48B7-A1A0-DA74525AFEC8}"
EndProject
Global
	GlobalSection(SolutionConfigurationPlatforms) = preSolution
		Debug|Any CPU = Debug|Any CPU
		Release|Any CPU = Release|Any CPU
	EndGlobalSection
	GlobalSection(ProjectConfigurationPlatforms) = postSolution
		{4B55BA7D-EA14-48B7-A1A0-DA74525AFEC8}.Debug|Any CPU.ActiveCfg = Debug|Any CPU
		{4B55BA7D-EA14-48B7-A1A0-DA74525AFEC8}.Debug|Any CPU.Build.0 = Debug|Any CPU
		{4B55BA7D-EA14-48B7-A1A0-DA74525AFEC8}.Release|Any CPU.ActiveCfg = Release|Any CPU
		{4B55BA7D-EA14-48B7-A1A0-DA74525AFEC8}.Release|Any CPU.Build.0 = Release|Any CPU
	EndGlobalSection
	GlobalSection(SolutionProperties) = preSolution
		HideSolutionNode = FALSE
	EndGlobalSection
	GlobalSection(ExtensibilityGlobals) = postSolution
		SolutionGuid = {97113B5E-0965-41AD-9705-661DAE6312A3}
	EndGlobalSection
EndGlobal
